// !$*UTF8*$!
{
	archiveVersion = 1;
	classes = {
	};
	objectVersion = 46;
	objects = {

/* Begin PBXBuildFile section */
		33B21FC01C9409C2002FBFBF /* main.m in Sources */ = {isa = PBXBuildFile; fileRef = 33B21FBF1C9409C2002FBFBF /* main.m */; };
		33B21FC31C9409C2002FBFBF /* AppDelegate.m in Sources */ = {isa = PBXBuildFile; fileRef = 33B21FC21C9409C2002FBFBF /* AppDelegate.m */; };
		33B21FC61C9409C2002FBFBF /* ViewController.m in Sources */ = {isa = PBXBuildFile; fileRef = 33B21FC51C9409C2002FBFBF /* ViewController.m */; };
		33B21FC91C9409C2002FBFBF /* Main.storyboard in Resources */ = {isa = PBXBuildFile; fileRef = 33B21FC71C9409C2002FBFBF /* Main.storyboard */; };
		33B21FCB1C9409C2002FBFBF /* Assets.xcassets in Resources */ = {isa = PBXBuildFile; fileRef = 33B21FCA1C9409C2002FBFBF /* Assets.xcassets */; };
		33B21FCE1C9409C2002FBFBF /* LaunchScreen.storyboard in Resources */ = {isa = PBXBuildFile; fileRef = 33B21FCC1C9409C2002FBFBF /* LaunchScreen.storyboard */; };
		33B21FD91C9409C2002FBFBF /* RTCollectionViewGroupTests.m in Sources */ = {isa = PBXBuildFile; fileRef = 33B21FD81C9409C2002FBFBF /* RTCollectionViewGroupTests.m */; };
		33B21FE41C9409C2002FBFBF /* RTCollectionViewGroupUITests.m in Sources */ = {isa = PBXBuildFile; fileRef = 33B21FE31C9409C2002FBFBF /* RTCollectionViewGroupUITests.m */; };
		33B21FF41C940A5D002FBFBF /* GroupCollectionCell.m in Sources */ = {isa = PBXBuildFile; fileRef = 33B21FF21C940A5D002FBFBF /* GroupCollectionCell.m */; };
		33B21FF51C940A5D002FBFBF /* GroupCollectionCell.xib in Resources */ = {isa = PBXBuildFile; fileRef = 33B21FF31C940A5D002FBFBF /* GroupCollectionCell.xib */; };
		33B21FF91C940B4A002FBFBF /* GroupSection.m in Sources */ = {isa = PBXBuildFile; fileRef = 33B21FF71C940B4A002FBFBF /* GroupSection.m */; };
		33B21FFA1C940B4A002FBFBF /* GroupSection.xib in Resources */ = {isa = PBXBuildFile; fileRef = 33B21FF81C940B4A002FBFBF /* GroupSection.xib */; };
		33B21FFD1C940D7D002FBFBF /* btn_menu_normal@2x.png in Resources */ = {isa = PBXBuildFile; fileRef = 33B21FFB1C940D7D002FBFBF /* btn_menu_normal@2x.png */; };
		33B21FFE1C940D7D002FBFBF /* btn_menu@2x.png in Resources */ = {isa = PBXBuildFile; fileRef = 33B21FFC1C940D7D002FBFBF /* btn_menu@2x.png */; };
/* End PBXBuildFile section */

/* Begin PBXContainerItemProxy section */
		33B21FD51C9409C2002FBFBF /* PBXContainerItemProxy */ = {
			isa = PBXContainerItemProxy;
			containerPortal = 33B21FB31C9409C2002FBFBF /* Project object */;
			proxyType = 1;
			remoteGlobalIDString = 33B21FBA1C9409C2002FBFBF;
			remoteInfo = RTCollectionViewGroup;
		};
		33B21FE01C9409C2002FBFBF /* PBXContainerItemProxy */ = {
			isa = PBXContainerItemProxy;
			containerPortal = 33B21FB31C9409C2002FBFBF /* Project object */;
			proxyType = 1;
			remoteGlobalIDString = 33B21FBA1C9409C2002FBFBF;
			remoteInfo = RTCollectionViewGroup;
		};
/* End PBXContainerItemProxy section */

/* Begin PBXFileReference section */
		33B21FBB1C9409C2002FBFBF /* RTCollectionViewGroup.app */ = {isa = PBXFileReference; explicitFileType = wrapper.application; includeInIndex = 0; path = RTCollectionViewGroup.app; sourceTree = BUILT_PRODUCTS_DIR; };
		33B21FBF1C9409C2002FBFBF /* main.m */ = {isa = PBXFileReference; lastKnownFileType = sourcecode.c.objc; path = main.m; sourceTree = "<group>"; };
		33B21FC11C9409C2002FBFBF /* AppDelegate.h */ = {isa = PBXFileReference; lastKnownFileType = sourcecode.c.h; path = AppDelegate.h; sourceTree = "<group>"; };
		33B21FC21C9409C2002FBFBF /* AppDelegate.m */ = {isa = PBXFileReference; lastKnownFileType = sourcecode.c.objc; path = AppDelegate.m; sourceTree = "<group>"; };
		33B21FC41C9409C2002FBFBF /* ViewController.h */ = {isa = PBXFileReference; lastKnownFileType = sourcecode.c.h; path = ViewController.h; sourceTree = "<group>"; };
		33B21FC51C9409C2002FBFBF /* ViewController.m */ = {isa = PBXFileReference; lastKnownFileType = sourcecode.c.objc; path = ViewController.m; sourceTree = "<group>"; };
		33B21FC81C9409C2002FBFBF /* Base */ = {isa = PBXFileReference; lastKnownFileType = file.storyboard; name = Base; path = Base.lproj/Main.storyboard; sourceTree = "<group>"; };
		33B21FCA1C9409C2002FBFBF /* Assets.xcassets */ = {isa = PBXFileReference; lastKnownFileType = folder.assetcatalog; path = Assets.xcassets; sourceTree = "<group>"; };
		33B21FCD1C9409C2002FBFBF /* Base */ = {isa = PBXFileReference; lastKnownFileType = file.storyboard; name = Base; path = Base.lproj/LaunchScreen.storyboard; sourceTree = "<group>"; };
		33B21FCF1C9409C2002FBFBF /* Info.plist */ = {isa = PBXFileReference; lastKnownFileType = text.plist.xml; path = Info.plist; sourceTree = "<group>"; };
		33B21FD41C9409C2002FBFBF /* RTCollectionViewGroupTests.xctest */ = {isa = PBXFileReference; explicitFileType = wrapper.cfbundle; includeInIndex = 0; path = RTCollectionViewGroupTests.xctest; sourceTree = BUILT_PRODUCTS_DIR; };
		33B21FD81C9409C2002FBFBF /* RTCollectionViewGroupTests.m */ = {isa = PBXFileReference; lastKnownFileType = sourcecode.c.objc; path = RTCollectionViewGroupTests.m; sourceTree = "<group>"; };
		33B21FDA1C9409C2002FBFBF /* Info.plist */ = {isa = PBXFileReference; lastKnownFileType = text.plist.xml; path = Info.plist; sourceTree = "<group>"; };
		33B21FDF1C9409C2002FBFBF /* RTCollectionViewGroupUITests.xctest */ = {isa = PBXFileReference; explicitFileType = wrapper.cfbundle; includeInIndex = 0; path = RTCollectionViewGroupUITests.xctest; sourceTree = BUILT_PRODUCTS_DIR; };
		33B21FE31C9409C2002FBFBF /* RTCollectionViewGroupUITests.m */ = {isa = PBXFileReference; lastKnownFileType = sourcecode.c.objc; path = RTCollectionViewGroupUITests.m; sourceTree = "<group>"; };
		33B21FE51C9409C2002FBFBF /* Info.plist */ = {isa = PBXFileReference; lastKnownFileType = text.plist.xml; path = Info.plist; sourceTree = "<group>"; };
		33B21FF11C940A5D002FBFBF /* GroupCollectionCell.h */ = {isa = PBXFileReference; fileEncoding = 4; lastKnownFileType = sourcecode.c.h; path = GroupCollectionCell.h; sourceTree = "<group>"; };
		33B21FF21C940A5D002FBFBF /* GroupCollectionCell.m */ = {isa = PBXFileReference; fileEncoding = 4; lastKnownFileType = sourcecode.c.objc; path = GroupCollectionCell.m; sourceTree = "<group>"; };
		33B21FF31C940A5D002FBFBF /* GroupCollectionCell.xib */ = {isa = PBXFileReference; fileEncoding = 4; lastKnownFileType = file.xib; path = GroupCollectionCell.xib; sourceTree = "<group>"; };
		33B21FF61C940B4A002FBFBF /* GroupSection.h */ = {isa = PBXFileReference; fileEncoding = 4; lastKnownFileType = sourcecode.c.h; path = GroupSection.h; sourceTree = "<group>"; };
		33B21FF71C940B4A002FBFBF /* GroupSection.m */ = {isa = PBXFileReference; fileEncoding = 4; lastKnownFileType = sourcecode.c.objc; path = GroupSection.m; sourceTree = "<group>"; };
		33B21FF81C940B4A002FBFBF /* GroupSection.xib */ = {isa = PBXFileReference; fileEncoding = 4; lastKnownFileType = file.xib; path = GroupSection.xib; sourceTree = "<group>"; };
		33B21FFB1C940D7D002FBFBF /* btn_menu_normal@2x.png */ = {isa = PBXFileReference; lastKnownFileType = image.png; path = "btn_menu_normal@2x.png"; sourceTree = "<group>"; };
		33B21FFC1C940D7D002FBFBF /* btn_menu@2x.png */ = {isa = PBXFileReference; lastKnownFileType = image.png; path = "btn_menu@2x.png"; sourceTree = "<group>"; };
/* End PBXFileReference section */

/* Begin PBXFrameworksBuildPhase section */
		33B21FB81C9409C2002FBFBF /* Frameworks */ = {
			isa = PBXFrameworksBuildPhase;
			buildActionMask = 2147483647;
			files = (
			);
			runOnlyForDeploymentPostprocessing = 0;
		};
		33B21FD11C9409C2002FBFBF /* Frameworks */ = {
			isa = PBXFrameworksBuildPhase;
			buildActionMask = 2147483647;
			files = (
			);
			runOnlyForDeploymentPostprocessing = 0;
		};
		33B21FDC1C9409C2002FBFBF /* Frameworks */ = {
			isa = PBXFrameworksBuildPhase;
			buildActionMask = 2147483647;
			files = (
			);
			runOnlyForDeploymentPostprocessing = 0;
		};
/* End PBXFrameworksBuildPhase section */

/* Begin PBXGroup section */
		33B21FB21C9409C2002FBFBF = {
			isa = PBXGroup;
			children = (
				33B21FBD1C9409C2002FBFBF /* RTCollectionViewGroup */,
				33B21FD71C9409C2002FBFBF /* RTCollectionViewGroupTests */,
				33B21FE21C9409C2002FBFBF /* RTCollectionViewGroupUITests */,
				33B21FBC1C9409C2002FBFBF /* Products */,
			);
			sourceTree = "<group>";
		};
		33B21FBC1C9409C2002FBFBF /* Products */ = {
			isa = PBXGroup;
			children = (
				33B21FBB1C9409C2002FBFBF /* RTCollectionViewGroup.app */,
				33B21FD41C9409C2002FBFBF /* RTCollectionViewGroupTests.xctest */,
				33B21FDF1C9409C2002FBFBF /* RTCollectionViewGroupUITests.xctest */,
			);
			name = Products;
			sourceTree = "<group>";
		};
		33B21FBD1C9409C2002FBFBF /* RTCollectionViewGroup */ = {
			isa = PBXGroup;
			children = (
				33B21FFB1C940D7D002FBFBF /* btn_menu_normal@2x.png */,
				33B21FFC1C940D7D002FBFBF /* btn_menu@2x.png */,
				33B21FC11C9409C2002FBFBF /* AppDelegate.h */,
				33B21FC21C9409C2002FBFBF /* AppDelegate.m */,
				33B21FC41C9409C2002FBFBF /* ViewController.h */,
				33B21FC51C9409C2002FBFBF /* ViewController.m */,
				33B21FF11C940A5D002FBFBF /* GroupCollectionCell.h */,
				33B21FF21C940A5D002FBFBF /* GroupCollectionCell.m */,
				33B21FF31C940A5D002FBFBF /* GroupCollectionCell.xib */,
				33B21FF61C940B4A002FBFBF /* GroupSection.h */,
				33B21FF71C940B4A002FBFBF /* GroupSection.m */,
				33B21FF81C940B4A002FBFBF /* GroupSection.xib */,
				33B21FC71C9409C2002FBFBF /* Main.storyboard */,
				33B21FCA1C9409C2002FBFBF /* Assets.xcassets */,
				33B21FCC1C9409C2002FBFBF /* LaunchScreen.storyboard */,
				33B21FCF1C9409C2002FBFBF /* Info.plist */,
				33B21FBE1C9409C2002FBFBF /* Supporting Files */,
			);
			path = RTCollectionViewGroup;
			sourceTree = "<group>";
		};
		33B21FBE1C9409C2002FBFBF /* Supporting Files */ = {
			isa = PBXGroup;
			children = (
				33B21FBF1C9409C2002FBFBF /* main.m */,
			);
			name = "Supporting Files";
			sourceTree = "<group>";
		};
		33B21FD71C9409C2002FBFBF /* RTCollectionViewGroupTests */ = {
			isa = PBXGroup;
			children = (
				33B21FD81C9409C2002FBFBF /* RTCollectionViewGroupTests.m */,
				33B21FDA1C9409C2002FBFBF /* Info.plist */,
			);
			path = RTCollectionViewGroupTests;
			sourceTree = "<group>";
		};
		33B21FE21C9409C2002FBFBF /* RTCollectionViewGroupUITests */ = {
			isa = PBXGroup;
			children = (
				33B21FE31C9409C2002FBFBF /* RTCollectionViewGroupUITests.m */,
				33B21FE51C9409C2002FBFBF /* Info.plist */,
			);
			path = RTCollectionViewGroupUITests;
			sourceTree = "<group>";
		};
/* End PBXGroup section */

/* Begin PBXNativeTarget section */
		33B21FBA1C9409C2002FBFBF /* RTCollectionViewGroup */ = {
			isa = PBXNativeTarget;
			buildConfigurationList = 33B21FE81C9409C3002FBFBF /* Build configuration list for PBXNativeTarget "RTCollectionViewGroup" */;
			buildPhases = (
				33B21FB71C9409C2002FBFBF /* Sources */,
				33B21FB81C9409C2002FBFBF /* Frameworks */,
				33B21FB91C9409C2002FBFBF /* Resources */,
			);
			buildRules = (
			);
			dependencies = (
			);
			name = RTCollectionViewGroup;
			productName = RTCollectionViewGroup;
			productReference = 33B21FBB1C9409C2002FBFBF /* RTCollectionViewGroup.app */;
			productType = "com.apple.product-type.application";
		};
		33B21FD31C9409C2002FBFBF /* RTCollectionViewGroupTests */ = {
			isa = PBXNativeTarget;
			buildConfigurationList = 33B21FEB1C9409C3002FBFBF /* Build configuration list for PBXNativeTarget "RTCollectionViewGroupTests" */;
			buildPhases = (
				33B21FD01C9409C2002FBFBF /* Sources */,
				33B21FD11C9409C2002FBFBF /* Frameworks */,
				33B21FD21C9409C2002FBFBF /* Resources */,
			);
			buildRules = (
			);
			dependencies = (
				33B21FD61C9409C2002FBFBF /* PBXTargetDependency */,
			);
			name = RTCollectionViewGroupTests;
			productName = RTCollectionViewGroupTests;
			productReference = 33B21FD41C9409C2002FBFBF /* RTCollectionViewGroupTests.xctest */;
			productType = "com.apple.product-type.bundle.unit-test";
		};
		33B21FDE1C9409C2002FBFBF /* RTCollectionViewGroupUITests */ = {
			isa = PBXNativeTarget;
			buildConfigurationList = 33B21FEE1C9409C3002FBFBF /* Build configuration list for PBXNativeTarget "RTCollectionViewGroupUITests" */;
			buildPhases = (
				33B21FDB1C9409C2002FBFBF /* Sources */,
				33B21FDC1C9409C2002FBFBF /* Frameworks */,
				33B21FDD1C9409C2002FBFBF /* Resources */,
			);
			buildRules = (
			);
			dependencies = (
				33B21FE11C9409C2002FBFBF /* PBXTargetDependency */,
			);
			name = RTCollectionViewGroupUITests;
			productName = RTCollectionViewGroupUITests;
			productReference = 33B21FDF1C9409C2002FBFBF /* RTCollectionViewGroupUITests.xctest */;
			productType = "com.apple.product-type.bundle.ui-testing";
		};
/* End PBXNativeTarget section */

/* Begin PBXProject section */
		33B21FB31C9409C2002FBFBF /* Project object */ = {
			isa = PBXProject;
			attributes = {
				LastUpgradeCheck = 0720;
				ORGANIZATIONNAME = Rabbit;
				TargetAttributes = {
					33B21FBA1C9409C2002FBFBF = {
						CreatedOnToolsVersion = 7.2.1;
						DevelopmentTeam = 84SCG89399;
					};
					33B21FD31C9409C2002FBFBF = {
						CreatedOnToolsVersion = 7.2.1;
						DevelopmentTeam = 84SCG89399;
						TestTargetID = 33B21FBA1C9409C2002FBFBF;
					};
					33B21FDE1C9409C2002FBFBF = {
						CreatedOnToolsVersion = 7.2.1;
						DevelopmentTeam = 84SCG89399;
						TestTargetID = 33B21FBA1C9409C2002FBFBF;
					};
				};
			};
			buildConfigurationList = 33B21FB61C9409C2002FBFBF /* Build configuration list for PBXProject "RTCollectionViewGroup" */;
			compatibilityVersion = "Xcode 3.2";
			developmentRegion = English;
			hasScannedForEncodings = 0;
			knownRegions = (
				en,
				Base,
			);
			mainGroup = 33B21FB21C9409C2002FBFBF;
			productRefGroup = 33B21FBC1C9409C2002FBFBF /* Products */;
			projectDirPath = "";
			projectRoot = "";
			targets = (
				33B21FBA1C9409C2002FBFBF /* RTCollectionViewGroup */,
				33B21FD31C9409C2002FBFBF /* RTCollectionViewGroupTests */,
				33B21FDE1C9409C2002FBFBF /* RTCollectionViewGroupUITests */,
			);
		};
/* End PBXProject section */

/* Begin PBXResourcesBuildPhase section */
		33B21FB91C9409C2002FBFBF /* Resources */ = {
			isa = PBXResourcesBuildPhase;
			buildActionMask = 2147483647;
			files = (
				33B21FFA1C940B4A002FBFBF /* GroupSection.xib in Resources */,
				33B21FFD1C940D7D002FBFBF /* btn_menu_normal@2x.png in Resources */,
				33B21FCE1C9409C2002FBFBF /* LaunchScreen.storyboard in Resources */,
				33B21FF51C940A5D002FBFBF /* GroupCollectionCell.xib in Resources */,
				33B21FCB1C9409C2002FBFBF /* Assets.xcassets in Resources */,
				33B21FFE1C940D7D002FBFBF /* btn_menu@2x.png in Resources */,
				33B21FC91C9409C2002FBFBF /* Main.storyboard in Resources */,
			);
			runOnlyForDeploymentPostprocessing = 0;
		};
		33B21FD21C9409C2002FBFBF /* Resources */ = {
			isa = PBXResourcesBuildPhase;
			buildActionMask = 2147483647;
			files = (
			);
			runOnlyForDeploymentPostprocessing = 0;
		};
		33B21FDD1C9409C2002FBFBF /* Resources */ = {
			isa = PBXResourcesBuildPhase;
			buildActionMask = 2147483647;
			files = (
			);
			runOnlyForDeploymentPostprocessing = 0;
		};
/* End PBXResourcesBuildPhase section */

/* Begin PBXSourcesBuildPhase section */
		33B21FB71C9409C2002FBFBF /* Sources */ = {
			isa = PBXSourcesBuildPhase;
			buildActionMask = 2147483647;
			files = (
				33B21FC61C9409C2002FBFBF /* ViewController.m in Sources */,
				33B21FF41C940A5D002FBFBF /* GroupCollectionCell.m in Sources */,
				33B21FC31C9409C2002FBFBF /* AppDelegate.m in Sources */,
				33B21FC01C9409C2002FBFBF /* main.m in Sources */,
				33B21FF91C940B4A002FBFBF /* GroupSection.m in Sources */,
			);
			runOnlyForDeploymentPostprocessing = 0;
		};
		33B21FD01C9409C2002FBFBF /* Sources */ = {
			isa = PBXSourcesBuildPhase;
			buildActionMask = 2147483647;
			files = (
				33B21FD91C9409C2002FBFBF /* RTCollectionViewGroupTests.m in Sources */,
			);
			runOnlyForDeploymentPostprocessing = 0;
		};
		33B21FDB1C9409C2002FBFBF /* Sources */ = {
			isa = PBXSourcesBuildPhase;
			buildActionMask = 2147483647;
			files = (
				33B21FE41C9409C2002FBFBF /* RTCollectionViewGroupUITests.m in Sources */,
			);
			runOnlyForDeploymentPostprocessing = 0;
		};
/* End PBXSourcesBuildPhase section */

/* Begin PBXTargetDependency section */
		33B21FD61C9409C2002FBFBF /* PBXTargetDependency */ = {
			isa = PBXTargetDependency;
			target = 33B21FBA1C9409C2002FBFBF /* RTCollectionViewGroup */;
			targetProxy = 33B21FD51C9409C2002FBFBF /* PBXContainerItemProxy */;
		};
		33B21FE11C9409C2002FBFBF /* PBXTargetDependency */ = {
			isa = PBXTargetDependency;
			target = 33B21FBA1C9409C2002FBFBF /* RTCollectionViewGroup */;
			targetProxy = 33B21FE01C9409C2002FBFBF /* PBXContainerItemProxy */;
		};
/* End PBXTargetDependency section */

/* Begin PBXVariantGroup section */
		33B21FC71C9409C2002FBFBF /* Main.storyboard */ = {
			isa = PBXVariantGroup;
			children = (
				33B21FC81C9409C2002FBFBF /* Base */,
			);
			name = Main.storyboard;
			sourceTree = "<group>";
		};
		33B21FCC1C9409C2002FBFBF /* LaunchScreen.storyboard */ = {
			isa = PBXVariantGroup;
			children = (
				33B21FCD1C9409C2002FBFBF /* Base */,
			);
			name = LaunchScreen.storyboard;
			sourceTree = "<group>";
		};
/* End PBXVariantGroup section */

/* Begin XCBuildConfiguration section */
		33B21FE61C9409C3002FBFBF /* Debug */ = {
			isa = XCBuildConfiguration;
			buildSettings = {
				ALWAYS_SEARCH_USER_PATHS = NO;
				CLANG_CXX_LANGUAGE_STANDARD = "gnu++0x";
				CLANG_CXX_LIBRARY = "libc++";
				CLANG_ENABLE_MODULES = YES;
				CLANG_ENABLE_OBJC_ARC = YES;
				CLANG_WARN_BOOL_CONVERSION = YES;
				CLANG_WARN_CONSTANT_CONVERSION = YES;
				CLANG_WARN_DIRECT_OBJC_ISA_USAGE = YES_ERROR;
				CLANG_WARN_EMPTY_BODY = YES;
				CLANG_WARN_ENUM_CONVERSION = YES;
				CLANG_WARN_INT_CONVERSION = YES;
				CLANG_WARN_OBJC_ROOT_CLASS = YES_ERROR;
				CLANG_WARN_UNREACHABLE_CODE = YES;
				CLANG_WARN__DUPLICATE_METHOD_MATCH = YES;
				"CODE_SIGN_IDENTITY[sdk=iphoneos*]" = "iPhone Developer";
				COPY_PHASE_STRIP = NO;
				DEBUG_INFORMATION_FORMAT = dwarf;
				ENABLE_STRICT_OBJC_MSGSEND = YES;
				ENABLE_TESTABILITY = YES;
				GCC_C_LANGUAGE_STANDARD = gnu99;
				GCC_DYNAMIC_NO_PIC = NO;
				GCC_NO_COMMON_BLOCKS = YES;
				GCC_OPTIMIZATION_LEVEL = 0;
				GCC_PREPROCESSOR_DEFINITIONS = (
					"DEBUG=1",
					"$(inherited)",
				);
				GCC_WARN_64_TO_32_BIT_CONVERSION = YES;
				GCC_WARN_ABOUT_RETURN_TYPE = YES_ERROR;
				GCC_WARN_UNDECLARED_SELECTOR = YES;
				GCC_WARN_UNINITIALIZED_AUTOS = YES_AGGRESSIVE;
				GCC_WARN_UNUSED_FUNCTION = YES;
				GCC_WARN_UNUSED_VARIABLE = YES;
				IPHONEOS_DEPLOYMENT_TARGET = 9.2;
				MTL_ENABLE_DEBUG_INFO = YES;
				ONLY_ACTIVE_ARCH = YES;
				SDKROOT = iphoneos;
			};
			name = Debug;
		};
		33B21FE71C9409C3002FBFBF /* Release */ = {
			isa = XCBuildConfiguration;
			buildSettings = {
				ALWAYS_SEARCH_USER_PATHS = NO;
				CLANG_CXX_LANGUAGE_STANDARD = "gnu++0x";
				CLANG_CXX_LIBRARY = "libc++";
				CLANG_ENABLE_MODULES = YES;
				CLANG_ENABLE_OBJC_ARC = YES;
				CLANG_WARN_BOOL_CONVERSION = YES;
				CLANG_WARN_CONSTANT_CONVERSION = YES;
				CLANG_WARN_DIRECT_OBJC_ISA_USAGE = YES_ERROR;
				CLANG_WARN_EMPTY_BODY = YES;
				CLANG_WARN_ENUM_CONVERSION = YES;
				CLANG_WARN_INT_CONVERSION = YES;
				CLANG_WARN_OBJC_ROOT_CLASS = YES_ERROR;
				CLANG_WARN_UNREACHABLE_CODE = YES;
				CLANG_WARN__DUPLICATE_METHOD_MATCH = YES;
				"CODE_SIGN_IDENTITY[sdk=iphoneos*]" = "iPhone Developer";
				COPY_PHASE_STRIP = NO;
				DEBUG_INFORMATION_FORMAT = "dwarf-with-dsym";
				ENABLE_NS_ASSERTIONS = NO;
				ENABLE_STRICT_OBJC_MSGSEND = YES;
				GCC_C_LANGUAGE_STANDARD = gnu99;
				GCC_NO_COMMON_BLOCKS = YES;
				GCC_WARN_64_TO_32_BIT_CONVERSION = YES;
				GCC_WARN_ABOUT_RETURN_TYPE = YES_ERROR;
				GCC_WARN_UNDECLARED_SELECTOR = YES;
				GCC_WARN_UNINITIALIZED_AUTOS = YES_AGGRESSIVE;
				GCC_WARN_UNUSED_FUNCTION = YES;
				GCC_WARN_UNUSED_VARIABLE = YES;
				IPHONEOS_DEPLOYMENT_TARGET = 9.2;
				MTL_ENABLE_DEBUG_INFO = NO;
				SDKROOT = iphoneos;
				VALIDATE_PRODUCT = YES;
			};
			name = Release;
		};
		33B21FE91C9409C3002FBFBF /* Debug */ = {
			isa = XCBuildConfiguration;
			buildSettings = {
				ASSETCATALOG_COMPILER_APPICON_NAME = AppIcon;
				INFOPLIST_FILE = RTCollectionViewGroup/Info.plist;
				LD_RUNPATH_SEARCH_PATHS = "$(inherited) @executable_path/Frameworks";
				PRODUCT_BUNDLE_IDENTIFIER = com.Rabbit.RTCollectionViewGroup;
				PRODUCT_NAME = "$(TARGET_NAME)";
			};
			name = Debug;
		};
		33B21FEA1C9409C3002FBFBF /* Release */ = {
			isa = XCBuildConfiguration;
			buildSettings = {
				ASSETCATALOG_COMPILER_APPICON_NAME = AppIcon;
				INFOPLIST_FILE = RTCollectionViewGroup/Info.plist;
				LD_RUNPATH_SEARCH_PATHS = "$(inherited) @executable_path/Frameworks";
				PRODUCT_BUNDLE_IDENTIFIER = com.Rabbit.RTCollectionViewGroup;
				PRODUCT_NAME = "$(TARGET_NAME)";
			};
			name = Release;
		};
		33B21FEC1C9409C3002FBFBF /* Debug */ = {
			isa = XCBuildConfiguration;
			buildSettings = {
				BUNDLE_LOADER = "$(TEST_HOST)";
				INFOPLIST_FILE = RTCollectionViewGroupTests/Info.plist;
				LD_RUNPATH_SEARCH_PATHS = "$(inherited) @executable_path/Frameworks @loader_path/Frameworks";
				PRODUCT_BUNDLE_IDENTIFIER = com.Rabbit.RTCollectionViewGroupTests;
				PRODUCT_NAME = "$(TARGET_NAME)";
				TEST_HOST = "$(BUILT_PRODUCTS_DIR)/RTCollectionViewGroup.app/RTCollectionViewGroup";
			};
			name = Debug;
		};
		33B21FED1C9409C3002FBFBF /* Release */ = {
			isa = XCBuildConfiguration;
			buildSettings = {
				BUNDLE_LOADER = "$(TEST_HOST)";
				INFOPLIST_FILE = RTCollectionViewGroupTests/Info.plist;
				LD_RUNPATH_SEARCH_PATHS = "$(inherited) @executable_path/Frameworks @loader_path/Frameworks";
				PRODUCT_BUNDLE_IDENTIFIER = com.Rabbit.RTCollectionViewGroupTests;
				PRODUCT_NAME = "$(TARGET_NAME)";
				TEST_HOST = "$(BUILT_PRODUCTS_DIR)/RTCollectionViewGroup.app/RTCollectionViewGroup";
			};
			name = Release;
		};
		33B21FEF1C9409C3002FBFBF /* Debug */ = {
			isa = XCBuildConfiguration;
			buildSettings = {
				INFOPLIST_FILE = RTCollectionViewGroupUITests/Info.plist;
				LD_RUNPATH_SEARCH_PATHS = "$(inherited) @executable_path/Frameworks @loader_path/Frameworks";
				PRODUCT_BUNDLE_IDENTIFIER = com.Rabbit.RTCollectionViewGroupUITests;
				PRODUCT_NAME = "$(TARGET_NAME)";
				TEST_TARGET_NAME = RTCollectionViewGroup;
				USES_XCTRUNNER = YES;
			};
			name = Debug;
		};
		33B21FF01C9409C3002FBFBF /* Release */ = {
			isa = XCBuildConfiguration;
			buildSettings = {
				INFOPLIST_FILE = RTCollectionViewGroupUITests/Info.plist;
				LD_RUNPATH_SEARCH_PATHS = "$(inherited) @executable_path/Frameworks @loader_path/Frameworks";
				PRODUCT_BUNDLE_IDENTIFIER = com.Rabbit.RTCollectionViewGroupUITests;
				PRODUCT_NAME = "$(TARGET_NAME)";
				TEST_TARGET_NAME = RTCollectionViewGroup;
				USES_XCTRUNNER = YES;
			};
			name = Release;
		};
/* End XCBuildConfiguration section */

/* Begin XCConfigurationList section */
		33B21FB61C9409C2002FBFBF /* Build configuration list for PBXProject "RTCollectionViewGroup" */ = {
			isa = XCConfigurationList;
			buildConfigurations = (
				33B21FE61C9409C3002FBFBF /* Debug */,
				33B21FE71C9409C3002FBFBF /* Release */,
			);
			defaultConfigurationIsVisible = 0;
			defaultConfigurationName = Release;
		};
		33B21FE81C9409C3002FBFBF /* Build configuration list for PBXNativeTarget "RTCollectionViewGroup" */ = {
			isa = XCConfigurationList;
			buildConfigurations = (
				33B21FE91C9409C3002FBFBF /* Debug */,
				33B21FEA1C9409C3002FBFBF /* Release */,
			);
			defaultConfigurationIsVisible = 0;
		};
		33B21FEB1C9409C3002FBFBF /* Build configuration list for PBXNativeTarget "RTCollectionViewGroupTests" */ = {
			isa = XCConfigurationList;
			buildConfigurations = (
				33B21FEC1C9409C3002FBFBF /* Debug */,
				33B21FED1C9409C3002FBFBF /* Release */,
			);
			defaultConfigurationIsVisible = 0;
		};
		33B21FEE1C9409C3002FBFBF /* Build configuration list for PBXNativeTarget "RTCollectionViewGroupUITests" */ = {
			isa = XCConfigurationList;
			buildConfigurations = (
				33B21FEF1C9409C3002FBFBF /* Debug */,
				33B21FF01C9409C3002FBFBF /* Release */,
			);
			defaultConfigurationIsVisible = 0;
		};
/* End XCConfigurationList section */
	};
	rootObject = 33B21FB31C9409C2002FBFBF /* Project object */;
}
